// !$*UTF8*$!
{
	archiveVersion = 1;
	classes = {
	};
	objectVersion = 46;
	objects = {

/* Begin PBXBuildFile section */
		D88BC723185227C8000AE5FD /* LWCaptionView.m in Sources */ = {isa = PBXBuildFile; fileRef = D88BC722185227C8000AE5FD /* LWCaptionView.m */; };
		D8AA029B194ED84900F3D2E8 /* LWZoomingView.m in Sources */ = {isa = PBXBuildFile; fileRef = D8AA029A194ED84900F3D2E8 /* LWZoomingView.m */; };
		D8BD42A21851EFCE003840CF /* Foundation.framework in Frameworks */ = {isa = PBXBuildFile; fileRef = D8BD42A11851EFCE003840CF /* Foundation.framework */; };
		D8BD42A41851EFCE003840CF /* CoreGraphics.framework in Frameworks */ = {isa = PBXBuildFile; fileRef = D8BD42A31851EFCE003840CF /* CoreGraphics.framework */; };
		D8BD42A61851EFCE003840CF /* UIKit.framework in Frameworks */ = {isa = PBXBuildFile; fileRef = D8BD42A51851EFCE003840CF /* UIKit.framework */; };
		D8BD42AC1851EFCE003840CF /* InfoPlist.strings in Resources */ = {isa = PBXBuildFile; fileRef = D8BD42AA1851EFCE003840CF /* InfoPlist.strings */; };
		D8BD42AE1851EFCE003840CF /* main.m in Sources */ = {isa = PBXBuildFile; fileRef = D8BD42AD1851EFCE003840CF /* main.m */; };
		D8BD42B21851EFCE003840CF /* AppDelegate.m in Sources */ = {isa = PBXBuildFile; fileRef = D8BD42B11851EFCE003840CF /* AppDelegate.m */; };
		D8BD42B41851EFCE003840CF /* Images.xcassets in Resources */ = {isa = PBXBuildFile; fileRef = D8BD42B31851EFCE003840CF /* Images.xcassets */; };
		D8BD42BB1851EFCF003840CF /* XCTest.framework in Frameworks */ = {isa = PBXBuildFile; fileRef = D8BD42BA1851EFCF003840CF /* XCTest.framework */; };
		D8BD42BC1851EFCF003840CF /* Foundation.framework in Frameworks */ = {isa = PBXBuildFile; fileRef = D8BD42A11851EFCE003840CF /* Foundation.framework */; };
		D8BD42BD1851EFCF003840CF /* UIKit.framework in Frameworks */ = {isa = PBXBuildFile; fileRef = D8BD42A51851EFCE003840CF /* UIKit.framework */; };
		D8BD42C51851EFCF003840CF /* InfoPlist.strings in Resources */ = {isa = PBXBuildFile; fileRef = D8BD42C31851EFCF003840CF /* InfoPlist.strings */; };
		D8BD42C71851EFCF003840CF /* LWPhotoBrowserTests.m in Sources */ = {isa = PBXBuildFile; fileRef = D8BD42C61851EFCF003840CF /* LWPhotoBrowserTests.m */; };
		D8BD42EC1851EFF6003840CF /* LWPhoto.m in Sources */ = {isa = PBXBuildFile; fileRef = D8BD42D21851EFF6003840CF /* LWPhoto.m */; };
		D8BD42ED1851EFF6003840CF /* LWPhotoBrowser.m in Sources */ = {isa = PBXBuildFile; fileRef = D8BD42D41851EFF6003840CF /* LWPhotoBrowser.m */; };
		D8BD42EE1851EFF6003840CF /* MBProgressHUD.m in Sources */ = {isa = PBXBuildFile; fileRef = D8BD42D71851EFF6003840CF /* MBProgressHUD.m */; };
		D8BD42FA1851EFFD003840CF /* MenuViewController.m in Sources */ = {isa = PBXBuildFile; fileRef = D8BD42F91851EFFD003840CF /* MenuViewController.m */; };
		D8EA1957185462E000FA5ED7 /* 5.jpg in Resources */ = {isa = PBXBuildFile; fileRef = D8EA1951185462E000FA5ED7 /* 5.jpg */; };
		D8EA1958185462E000FA5ED7 /* 2.jpg in Resources */ = {isa = PBXBuildFile; fileRef = D8EA1952185462E000FA5ED7 /* 2.jpg */; };
		D8EA1959185462E000FA5ED7 /* 4.jpg in Resources */ = {isa = PBXBuildFile; fileRef = D8EA1953185462E000FA5ED7 /* 4.jpg */; };
		D8EA195A185462E000FA5ED7 /* 1.jpg in Resources */ = {isa = PBXBuildFile; fileRef = D8EA1954185462E000FA5ED7 /* 1.jpg */; };
		D8EA195B185462E000FA5ED7 /* 6.jpg in Resources */ = {isa = PBXBuildFile; fileRef = D8EA1955185462E000FA5ED7 /* 6.jpg */; };
		D8EA195C185462E000FA5ED7 /* 3.jpg in Resources */ = {isa = PBXBuildFile; fileRef = D8EA1956185462E000FA5ED7 /* 3.jpg */; };
/* End PBXBuildFile section */

/* Begin PBXContainerItemProxy section */
		D8BD42BE1851EFCF003840CF /* PBXContainerItemProxy */ = {
			isa = PBXContainerItemProxy;
			containerPortal = D8BD42961851EFCE003840CF /* Project object */;
			proxyType = 1;
			remoteGlobalIDString = D8BD429D1851EFCE003840CF;
			remoteInfo = LWPhotoBrowser;
		};
/* End PBXContainerItemProxy section */

/* Begin PBXFileReference section */
		D88BC721185227C8000AE5FD /* LWCaptionView.h */ = {isa = PBXFileReference; fileEncoding = 4; lastKnownFileType = sourcecode.c.h; path = LWCaptionView.h; sourceTree = "<group>"; };
		D88BC722185227C8000AE5FD /* LWCaptionView.m */ = {isa = PBXFileReference; fileEncoding = 4; lastKnownFileType = sourcecode.c.objc; path = LWCaptionView.m; sourceTree = "<group>"; };
		D8AA0299194ED84900F3D2E8 /* LWZoomingView.h */ = {isa = PBXFileReference; fileEncoding = 4; lastKnownFileType = sourcecode.c.h; path = LWZoomingView.h; sourceTree = "<group>"; };
		D8AA029A194ED84900F3D2E8 /* LWZoomingView.m */ = {isa = PBXFileReference; fileEncoding = 4; lastKnownFileType = sourcecode.c.objc; path = LWZoomingView.m; sourceTree = "<group>"; };
		D8BD429E1851EFCE003840CF /* LWPhotoBrowser.app */ = {isa = PBXFileReference; explicitFileType = wrapper.application; includeInIndex = 0; path = LWPhotoBrowser.app; sourceTree = BUILT_PRODUCTS_DIR; };
		D8BD42A11851EFCE003840CF /* Foundation.framework */ = {isa = PBXFileReference; lastKnownFileType = wrapper.framework; name = Foundation.framework; path = System/Library/Frameworks/Foundation.framework; sourceTree = SDKROOT; };
		D8BD42A31851EFCE003840CF /* CoreGraphics.framework */ = {isa = PBXFileReference; lastKnownFileType = wrapper.framework; name = CoreGraphics.framework; path = System/Library/Frameworks/CoreGraphics.framework; sourceTree = SDKROOT; };
		D8BD42A51851EFCE003840CF /* UIKit.framework */ = {isa = PBXFileReference; lastKnownFileType = wrapper.framework; name = UIKit.framework; path = System/Library/Frameworks/UIKit.framework; sourceTree = SDKROOT; };
		D8BD42A91851EFCE003840CF /* LWPhotoBrowser-Info.plist */ = {isa = PBXFileReference; lastKnownFileType = text.plist.xml; path = "LWPhotoBrowser-Info.plist"; sourceTree = "<group>"; };
		D8BD42AB1851EFCE003840CF /* en */ = {isa = PBXFileReference; lastKnownFileType = text.plist.strings; name = en; path = en.lproj/InfoPlist.strings; sourceTree = "<group>"; };
		D8BD42AD1851EFCE003840CF /* main.m */ = {isa = PBXFileReference; lastKnownFileType = sourcecode.c.objc; path = main.m; sourceTree = "<group>"; };
		D8BD42AF1851EFCE003840CF /* LWPhotoBrowser-Prefix.pch */ = {isa = PBXFileReference; lastKnownFileType = sourcecode.c.h; path = "LWPhotoBrowser-Prefix.pch"; sourceTree = "<group>"; };
		D8BD42B01851EFCE003840CF /* AppDelegate.h */ = {isa = PBXFileReference; lastKnownFileType = sourcecode.c.h; path = AppDelegate.h; sourceTree = "<group>"; };
		D8BD42B11851EFCE003840CF /* AppDelegate.m */ = {isa = PBXFileReference; lastKnownFileType = sourcecode.c.objc; path = AppDelegate.m; sourceTree = "<group>"; };
		D8BD42B31851EFCE003840CF /* Images.xcassets */ = {isa = PBXFileReference; lastKnownFileType = folder.assetcatalog; path = Images.xcassets; sourceTree = "<group>"; };
		D8BD42B91851EFCF003840CF /* LWPhotoBrowserTests.xctest */ = {isa = PBXFileReference; explicitFileType = wrapper.cfbundle; includeInIndex = 0; path = LWPhotoBrowserTests.xctest; sourceTree = BUILT_PRODUCTS_DIR; };
		D8BD42BA1851EFCF003840CF /* XCTest.framework */ = {isa = PBXFileReference; lastKnownFileType = wrapper.framework; name = XCTest.framework; path = Library/Frameworks/XCTest.framework; sourceTree = DEVELOPER_DIR; };
		D8BD42C21851EFCF003840CF /* LWPhotoBrowserTests-Info.plist */ = {isa = PBXFileReference; lastKnownFileType = text.plist.xml; path = "LWPhotoBrowserTests-Info.plist"; sourceTree = "<group>"; };
		D8BD42C41851EFCF003840CF /* en */ = {isa = PBXFileReference; lastKnownFileType = text.plist.strings; name = en; path = en.lproj/InfoPlist.strings; sourceTree = "<group>"; };
		D8BD42C61851EFCF003840CF /* LWPhotoBrowserTests.m */ = {isa = PBXFileReference; lastKnownFileType = sourcecode.c.objc; path = LWPhotoBrowserTests.m; sourceTree = "<group>"; };
		D8BD42D11851EFF6003840CF /* LWPhoto.h */ = {isa = PBXFileReference; fileEncoding = 4; lastKnownFileType = sourcecode.c.h; path = LWPhoto.h; sourceTree = "<group>"; };
		D8BD42D21851EFF6003840CF /* LWPhoto.m */ = {isa = PBXFileReference; fileEncoding = 4; lastKnownFileType = sourcecode.c.objc; path = LWPhoto.m; sourceTree = "<group>"; };
		D8BD42D31851EFF6003840CF /* LWPhotoBrowser.h */ = {isa = PBXFileReference; fileEncoding = 4; lastKnownFileType = sourcecode.c.h; path = LWPhotoBrowser.h; sourceTree = "<group>"; };
		D8BD42D41851EFF6003840CF /* LWPhotoBrowser.m */ = {isa = PBXFileReference; fileEncoding = 4; lastKnownFileType = sourcecode.c.objc; path = LWPhotoBrowser.m; sourceTree = "<group>"; };
		D8BD42D61851EFF6003840CF /* MBProgressHUD.h */ = {isa = PBXFileReference; fileEncoding = 4; lastKnownFileType = sourcecode.c.h; path = MBProgressHUD.h; sourceTree = "<group>"; };
		D8BD42D71851EFF6003840CF /* MBProgressHUD.m */ = {isa = PBXFileReference; fileEncoding = 4; lastKnownFileType = sourcecode.c.objc; path = MBProgressHUD.m; sourceTree = "<group>"; };
		D8BD42F81851EFFD003840CF /* MenuViewController.h */ = {isa = PBXFileReference; fileEncoding = 4; lastKnownFileType = sourcecode.c.h; path = MenuViewController.h; sourceTree = "<group>"; };
		D8BD42F91851EFFD003840CF /* MenuViewController.m */ = {isa = PBXFileReference; fileEncoding = 4; lastKnownFileType = sourcecode.c.objc; path = MenuViewController.m; sourceTree = "<group>"; };
		D8EA1951185462E000FA5ED7 /* 5.jpg */ = {isa = PBXFileReference; lastKnownFileType = image.jpeg; path = 5.jpg; sourceTree = "<group>"; };
		D8EA1952185462E000FA5ED7 /* 2.jpg */ = {isa = PBXFileReference; lastKnownFileType = image.jpeg; path = 2.jpg; sourceTree = "<group>"; };
		D8EA1953185462E000FA5ED7 /* 4.jpg */ = {isa = PBXFileReference; lastKnownFileType = image.jpeg; path = 4.jpg; sourceTree = "<group>"; };
		D8EA1954185462E000FA5ED7 /* 1.jpg */ = {isa = PBXFileReference; lastKnownFileType = image.jpeg; path = 1.jpg; sourceTree = "<group>"; };
		D8EA1955185462E000FA5ED7 /* 6.jpg */ = {isa = PBXFileReference; lastKnownFileType = image.jpeg; path = 6.jpg; sourceTree = "<group>"; };
		D8EA1956185462E000FA5ED7 /* 3.jpg */ = {isa = PBXFileReference; lastKnownFileType = image.jpeg; path = 3.jpg; sourceTree = "<group>"; };
/* End PBXFileReference section */

/* Begin PBXFrameworksBuildPhase section */
		D8BD429B1851EFCE003840CF /* Frameworks */ = {
			isa = PBXFrameworksBuildPhase;
			buildActionMask = 2147483647;
			files = (
				D8BD42A41851EFCE003840CF /* CoreGraphics.framework in Frameworks */,
				D8BD42A61851EFCE003840CF /* UIKit.framework in Frameworks */,
				D8BD42A21851EFCE003840CF /* Foundation.framework in Frameworks */,
			);
			runOnlyForDeploymentPostprocessing = 0;
		};
		D8BD42B61851EFCF003840CF /* Frameworks */ = {
			isa = PBXFrameworksBuildPhase;
			buildActionMask = 2147483647;
			files = (
				D8BD42BB1851EFCF003840CF /* XCTest.framework in Frameworks */,
				D8BD42BD1851EFCF003840CF /* UIKit.framework in Frameworks */,
				D8BD42BC1851EFCF003840CF /* Foundation.framework in Frameworks */,
			);
			runOnlyForDeploymentPostprocessing = 0;
		};
/* End PBXFrameworksBuildPhase section */

/* Begin PBXGroup section */
		D8BD42951851EFCE003840CF = {
			isa = PBXGroup;
			children = (
				D8BD42A71851EFCE003840CF /* LWPhotoBrowser */,
				D8BD42C01851EFCF003840CF /* LWPhotoBrowserTests */,
				D8BD42A01851EFCE003840CF /* Frameworks */,
				D8BD429F1851EFCE003840CF /* Products */,
			);
			sourceTree = "<group>";
		};
		D8BD429F1851EFCE003840CF /* Products */ = {
			isa = PBXGroup;
			children = (
				D8BD429E1851EFCE003840CF /* LWPhotoBrowser.app */,
				D8BD42B91851EFCF003840CF /* LWPhotoBrowserTests.xctest */,
			);
			name = Products;
			sourceTree = "<group>";
		};
		D8BD42A01851EFCE003840CF /* Frameworks */ = {
			isa = PBXGroup;
			children = (
				D8BD42A11851EFCE003840CF /* Foundation.framework */,
				D8BD42A31851EFCE003840CF /* CoreGraphics.framework */,
				D8BD42A51851EFCE003840CF /* UIKit.framework */,
				D8BD42BA1851EFCF003840CF /* XCTest.framework */,
			);
			name = Frameworks;
			sourceTree = "<group>";
		};
		D8BD42A71851EFCE003840CF /* LWPhotoBrowser */ = {
			isa = PBXGroup;
			children = (
				D8BD42D01851EFF6003840CF /* LWPhotoBrowser */,
				D8BD42D51851EFF6003840CF /* MBProgressHUD */,
				D8BD42F81851EFFD003840CF /* MenuViewController.h */,
				D8BD42F91851EFFD003840CF /* MenuViewController.m */,
				D8BD42B01851EFCE003840CF /* AppDelegate.h */,
				D8BD42B11851EFCE003840CF /* AppDelegate.m */,
				D8EA1951185462E000FA5ED7 /* 5.jpg */,
				D8EA1952185462E000FA5ED7 /* 2.jpg */,
				D8EA1953185462E000FA5ED7 /* 4.jpg */,
				D8EA1954185462E000FA5ED7 /* 1.jpg */,
				D8EA1955185462E000FA5ED7 /* 6.jpg */,
				D8EA1956185462E000FA5ED7 /* 3.jpg */,
				D8BD42B31851EFCE003840CF /* Images.xcassets */,
				D8BD42A81851EFCE003840CF /* Supporting Files */,
			);
			path = LWPhotoBrowser;
			sourceTree = "<group>";
		};
		D8BD42A81851EFCE003840CF /* Supporting Files */ = {
			isa = PBXGroup;
			children = (
				D8BD42A91851EFCE003840CF /* LWPhotoBrowser-Info.plist */,
				D8BD42AA1851EFCE003840CF /* InfoPlist.strings */,
				D8BD42AD1851EFCE003840CF /* main.m */,
				D8BD42AF1851EFCE003840CF /* LWPhotoBrowser-Prefix.pch */,
			);
			name = "Supporting Files";
			sourceTree = "<group>";
		};
		D8BD42C01851EFCF003840CF /* LWPhotoBrowserTests */ = {
			isa = PBXGroup;
			children = (
				D8BD42C61851EFCF003840CF /* LWPhotoBrowserTests.m */,
				D8BD42C11851EFCF003840CF /* Supporting Files */,
			);
			path = LWPhotoBrowserTests;
			sourceTree = "<group>";
		};
		D8BD42C11851EFCF003840CF /* Supporting Files */ = {
			isa = PBXGroup;
			children = (
				D8BD42C21851EFCF003840CF /* LWPhotoBrowserTests-Info.plist */,
				D8BD42C31851EFCF003840CF /* InfoPlist.strings */,
			);
			name = "Supporting Files";
			sourceTree = "<group>";
		};
		D8BD42D01851EFF6003840CF /* LWPhotoBrowser */ = {
			isa = PBXGroup;
			children = (
				D8AA0299194ED84900F3D2E8 /* LWZoomingView.h */,
				D8AA029A194ED84900F3D2E8 /* LWZoomingView.m */,
				D8BD42D11851EFF6003840CF /* LWPhoto.h */,
				D8BD42D21851EFF6003840CF /* LWPhoto.m */,
				D88BC721185227C8000AE5FD /* LWCaptionView.h */,
				D88BC722185227C8000AE5FD /* LWCaptionView.m */,
				D8BD42D31851EFF6003840CF /* LWPhotoBrowser.h */,
				D8BD42D41851EFF6003840CF /* LWPhotoBrowser.m */,
			);
			path = LWPhotoBrowser;
			sourceTree = "<group>";
		};
		D8BD42D51851EFF6003840CF /* MBProgressHUD */ = {
			isa = PBXGroup;
			children = (
				D8BD42D61851EFF6003840CF /* MBProgressHUD.h */,
				D8BD42D71851EFF6003840CF /* MBProgressHUD.m */,
			);
			path = MBProgressHUD;
			sourceTree = "<group>";
		};
/* End PBXGroup section */

/* Begin PBXNativeTarget section */
		D8BD429D1851EFCE003840CF /* LWPhotoBrowser */ = {
			isa = PBXNativeTarget;
			buildConfigurationList = D8BD42CA1851EFCF003840CF /* Build configuration list for PBXNativeTarget "LWPhotoBrowser" */;
			buildPhases = (
				D8BD429A1851EFCE003840CF /* Sources */,
				D8BD429B1851EFCE003840CF /* Frameworks */,
				D8BD429C1851EFCE003840CF /* Resources */,
			);
			buildRules = (
			);
			dependencies = (
			);
			name = LWPhotoBrowser;
			productName = LWPhotoBrowser;
			productReference = D8BD429E1851EFCE003840CF /* LWPhotoBrowser.app */;
			productType = "com.apple.product-type.application";
		};
		D8BD42B81851EFCF003840CF /* LWPhotoBrowserTests */ = {
			isa = PBXNativeTarget;
			buildConfigurationList = D8BD42CD1851EFCF003840CF /* Build configuration list for PBXNativeTarget "LWPhotoBrowserTests" */;
			buildPhases = (
				D8BD42B51851EFCF003840CF /* Sources */,
				D8BD42B61851EFCF003840CF /* Frameworks */,
				D8BD42B71851EFCF003840CF /* Resources */,
			);
			buildRules = (
			);
			dependencies = (
				D8BD42BF1851EFCF003840CF /* PBXTargetDependency */,
			);
			name = LWPhotoBrowserTests;
			productName = LWPhotoBrowserTests;
			productReference = D8BD42B91851EFCF003840CF /* LWPhotoBrowserTests.xctest */;
			productType = "com.apple.product-type.bundle.unit-test";
		};
/* End PBXNativeTarget section */

/* Begin PBXProject section */
		D8BD42961851EFCE003840CF /* Project object */ = {
			isa = PBXProject;
			attributes = {
				LastUpgradeCheck = 0500;
				ORGANIZATIONNAME = LW;
				TargetAttributes = {
					D8BD42B81851EFCF003840CF = {
						TestTargetID = D8BD429D1851EFCE003840CF;
					};
				};
			};
			buildConfigurationList = D8BD42991851EFCE003840CF /* Build configuration list for PBXProject "LWPhotoBrowser" */;
			compatibilityVersion = "Xcode 3.2";
			developmentRegion = English;
			hasScannedForEncodings = 0;
			knownRegions = (
				en,
			);
			mainGroup = D8BD42951851EFCE003840CF;
			productRefGroup = D8BD429F1851EFCE003840CF /* Products */;
			projectDirPath = "";
			projectRoot = "";
			targets = (
				D8BD429D1851EFCE003840CF /* LWPhotoBrowser */,
				D8BD42B81851EFCF003840CF /* LWPhotoBrowserTests */,
			);
		};
/* End PBXProject section */

/* Begin PBXResourcesBuildPhase section */
		D8BD429C1851EFCE003840CF /* Resources */ = {
			isa = PBXResourcesBuildPhase;
			buildActionMask = 2147483647;
			files = (
				D8EA195B185462E000FA5ED7 /* 6.jpg in Resources */,
				D8EA1957185462E000FA5ED7 /* 5.jpg in Resources */,
				D8BD42AC1851EFCE003840CF /* InfoPlist.strings in Resources */,
				D8EA1958185462E000FA5ED7 /* 2.jpg in Resources */,
				D8EA195A185462E000FA5ED7 /* 1.jpg in Resources */,
				D8EA1959185462E000FA5ED7 /* 4.jpg in Resources */,
				D8BD42B41851EFCE003840CF /* Images.xcassets in Resources */,
				D8EA195C185462E000FA5ED7 /* 3.jpg in Resources */,
			);
			runOnlyForDeploymentPostprocessing = 0;
		};
		D8BD42B71851EFCF003840CF /* Resources */ = {
			isa = PBXResourcesBuildPhase;
			buildActionMask = 2147483647;
			files = (
				D8BD42C51851EFCF003840CF /* InfoPlist.strings in Resources */,
			);
			runOnlyForDeploymentPostprocessing = 0;
		};
/* End PBXResourcesBuildPhase section */

/* Begin PBXSourcesBuildPhase section */
		D8BD429A1851EFCE003840CF /* Sources */ = {
			isa = PBXSourcesBuildPhase;
			buildActionMask = 2147483647;
			files = (
				D8BD42FA1851EFFD003840CF /* MenuViewController.m in Sources */,
				D88BC723185227C8000AE5FD /* LWCaptionView.m in Sources */,
				D8BD42ED1851EFF6003840CF /* LWPhotoBrowser.m in Sources */,
				D8BD42EC1851EFF6003840CF /* LWPhoto.m in Sources */,
				D8BD42EE1851EFF6003840CF /* MBProgressHUD.m in Sources */,
				D8AA029B194ED84900F3D2E8 /* LWZoomingView.m in Sources */,
				D8BD42B21851EFCE003840CF /* AppDelegate.m in Sources */,
				D8BD42AE1851EFCE003840CF /* main.m in Sources */,
			);
			runOnlyForDeploymentPostprocessing = 0;
		};
		D8BD42B51851EFCF003840CF /* Sources */ = {
			isa = PBXSourcesBuildPhase;
			buildActionMask = 2147483647;
			files = (
				D8BD42C71851EFCF003840CF /* LWPhotoBrowserTests.m in Sources */,
			);
			runOnlyForDeploymentPostprocessing = 0;
		};
/* End PBXSourcesBuildPhase section */

/* Begin PBXTargetDependency section */
		D8BD42BF1851EFCF003840CF /* PBXTargetDependency */ = {
			isa = PBXTargetDependency;
			target = D8BD429D1851EFCE003840CF /* LWPhotoBrowser */;
			targetProxy = D8BD42BE1851EFCF003840CF /* PBXContainerItemProxy */;
		};
/* End PBXTargetDependency section */

/* Begin PBXVariantGroup section */
		D8BD42AA1851EFCE003840CF /* InfoPlist.strings */ = {
			isa = PBXVariantGroup;
			children = (
				D8BD42AB1851EFCE003840CF /* en */,
			);
			name = InfoPlist.strings;
			sourceTree = "<group>";
		};
		D8BD42C31851EFCF003840CF /* InfoPlist.strings */ = {
			isa = PBXVariantGroup;
			children = (
				D8BD42C41851EFCF003840CF /* en */,
			);
			name = InfoPlist.strings;
			sourceTree = "<group>";
		};
/* End PBXVariantGroup section */

/* Begin XCBuildConfiguration section */
		D8BD42C81851EFCF003840CF /* Debug */ = {
			isa = XCBuildConfiguration;
			buildSettings = {
				ALWAYS_SEARCH_USER_PATHS = NO;
				ARCHS = "$(ARCHS_STANDARD_INCLUDING_64_BIT)";
				CLANG_CXX_LANGUAGE_STANDARD = "gnu++0x";
				CLANG_CXX_LIBRARY = "libc++";
				CLANG_ENABLE_MODULES = YES;
				CLANG_ENABLE_OBJC_ARC = YES;
				CLANG_WARN_BOOL_CONVERSION = YES;
				CLANG_WARN_CONSTANT_CONVERSION = YES;
				CLANG_WARN_DIRECT_OBJC_ISA_USAGE = YES_ERROR;
				CLANG_WARN_EMPTY_BODY = YES;
				CLANG_WARN_ENUM_CONVERSION = YES;
				CLANG_WARN_INT_CONVERSION = YES;
				CLANG_WARN_OBJC_ROOT_CLASS = YES_ERROR;
				CLANG_WARN__DUPLICATE_METHOD_MATCH = YES;
				"CODE_SIGN_IDENTITY[sdk=iphoneos*]" = "iPhone Developer";
				COPY_PHASE_STRIP = NO;
				GCC_C_LANGUAGE_STANDARD = gnu99;
				GCC_DYNAMIC_NO_PIC = NO;
				GCC_OPTIMIZATION_LEVEL = 0;
				GCC_PREPROCESSOR_DEFINITIONS = (
					"DEBUG=1",
					"$(inherited)",
				);
				GCC_SYMBOLS_PRIVATE_EXTERN = NO;
				GCC_WARN_64_TO_32_BIT_CONVERSION = YES;
				GCC_WARN_ABOUT_RETURN_TYPE = YES_ERROR;
				GCC_WARN_UNDECLARED_SELECTOR = YES;
				GCC_WARN_UNINITIALIZED_AUTOS = YES;
				GCC_WARN_UNUSED_FUNCTION = YES;
				GCC_WARN_UNUSED_VARIABLE = YES;
				IPHONEOS_DEPLOYMENT_TARGET = 7.0;
				ONLY_ACTIVE_ARCH = YES;
				SDKROOT = iphoneos;
				TARGETED_DEVICE_FAMILY = 2;
			};
			name = Debug;
		};
		D8BD42C91851EFCF003840CF /* Release */ = {
			isa = XCBuildConfiguration;
			buildSettings = {
				ALWAYS_SEARCH_USER_PATHS = NO;
				ARCHS = "$(ARCHS_STANDARD_INCLUDING_64_BIT)";
				CLANG_CXX_LANGUAGE_STANDARD = "gnu++0x";
				CLANG_CXX_LIBRARY = "libc++";
				CLANG_ENABLE_MODULES = YES;
				CLANG_ENABLE_OBJC_ARC = YES;
				CLANG_WARN_BOOL_CONVERSION = YES;
				CLANG_WARN_CONSTANT_CONVERSION = YES;
				CLANG_WARN_DIRECT_OBJC_ISA_USAGE = YES_ERROR;
				CLANG_WARN_EMPTY_BODY = YES;
				CLANG_WARN_ENUM_CONVERSION = YES;
				CLANG_WARN_INT_CONVERSION = YES;
				CLANG_WARN_OBJC_ROOT_CLASS = YES_ERROR;
				CLANG_WARN__DUPLICATE_METHOD_MATCH = YES;
				"CODE_SIGN_IDENTITY[sdk=iphoneos*]" = "iPhone Developer";
				COPY_PHASE_STRIP = YES;
				ENABLE_NS_ASSERTIONS = NO;
				GCC_C_LANGUAGE_STANDARD = gnu99;
				GCC_WARN_64_TO_32_BIT_CONVERSION = YES;
				GCC_WARN_ABOUT_RETURN_TYPE = YES_ERROR;
				GCC_WARN_UNDECLARED_SELECTOR = YES;
				GCC_WARN_UNINITIALIZED_AUTOS = YES;
				GCC_WARN_UNUSED_FUNCTION = YES;
				GCC_WARN_UNUSED_VARIABLE = YES;
				IPHONEOS_DEPLOYMENT_TARGET = 7.0;
				SDKROOT = iphoneos;
				TARGETED_DEVICE_FAMILY = 2;
				VALIDATE_PRODUCT = YES;
			};
			name = Release;
		};
		D8BD42CB1851EFCF003840CF /* Debug */ = {
			isa = XCBuildConfiguration;
			buildSettings = {
				ASSETCATALOG_COMPILER_APPICON_NAME = AppIcon;
				ASSETCATALOG_COMPILER_LAUNCHIMAGE_NAME = LaunchImage;
				GCC_PRECOMPILE_PREFIX_HEADER = YES;
				GCC_PREFIX_HEADER = "LWPhotoBrowser/LWPhotoBrowser-Prefix.pch";
				INFOPLIST_FILE = "LWPhotoBrowser/LWPhotoBrowser-Info.plist";
				IPHONEOS_DEPLOYMENT_TARGET = 7.0;
				PRODUCT_NAME = "$(TARGET_NAME)";
				TARGETED_DEVICE_FAMILY = 1;
				WRAPPER_EXTENSION = app;
			};
			name = Debug;
		};
		D8BD42CC1851EFCF003840CF /* Release */ = {
			isa = XCBuildConfiguration;
			buildSettings = {
				ASSETCATALOG_COMPILER_APPICON_NAME = AppIcon;
				ASSETCATALOG_COMPILER_LAUNCHIMAGE_NAME = LaunchImage;
				GCC_PRECOMPILE_PREFIX_HEADER = YES;
				GCC_PREFIX_HEADER = "LWPhotoBrowser/LWPhotoBrowser-Prefix.pch";
				INFOPLIST_FILE = "LWPhotoBrowser/LWPhotoBrowser-Info.plist";
				IPHONEOS_DEPLOYMENT_TARGET = 7.0;
				PRODUCT_NAME = "$(TARGET_NAME)";
				TARGETED_DEVICE_FAMILY = 1;
				WRAPPER_EXTENSION = app;
			};
			name = Release;
		};
		D8BD42CE1851EFCF003840CF /* Debug */ = {
			isa = XCBuildConfiguration;
			buildSettings = {
				ARCHS = "$(ARCHS_STANDARD_INCLUDING_64_BIT)";
				BUNDLE_LOADER = "$(BUILT_PRODUCTS_DIR)/LWPhotoBrowser.app/LWPhotoBrowser";
				FRAMEWORK_SEARCH_PATHS = (
					"$(SDKROOT)/Developer/Library/Frameworks",
					"$(inherited)",
					"$(DEVELOPER_FRAMEWORKS_DIR)",
				);
				GCC_PRECOMPILE_PREFIX_HEADER = YES;
				GCC_PREFIX_HEADER = "LWPhotoBrowser/LWPhotoBrowser-Prefix.pch";
				GCC_PREPROCESSOR_DEFINITIONS = (
					"DEBUG=1",
					"$(inherited)",
				);
				INFOPLIST_FILE = "LWPhotoBrowserTests/LWPhotoBrowserTests-Info.plist";
				PRODUCT_NAME = "$(TARGET_NAME)";
				TEST_HOST = "$(BUNDLE_LOADER)";
				WRAPPER_EXTENSION = xctest;
			};
			name = Debug;
		};
		D8BD42CF1851EFCF003840CF /* Release */ = {
			isa = XCBuildConfiguration;
			buildSettings = {
				ARCHS = "$(ARCHS_STANDARD_INCLUDING_64_BIT)";
				BUNDLE_LOADER = "$(BUILT_PRODUCTS_DIR)/LWPhotoBrowser.app/LWPhotoBrowser";
				FRAMEWORK_SEARCH_PATHS = (
					"$(SDKROOT)/Developer/Library/Frameworks",
					"$(inherited)",
					"$(DEVELOPER_FRAMEWORKS_DIR)",
				);
				GCC_PRECOMPILE_PREFIX_HEADER = YES;
				GCC_PREFIX_HEADER = "LWPhotoBrowser/LWPhotoBrowser-Prefix.pch";
				INFOPLIST_FILE = "LWPhotoBrowserTests/LWPhotoBrowserTests-Info.plist";
				PRODUCT_NAME = "$(TARGET_NAME)";
				TEST_HOST = "$(BUNDLE_LOADER)";
				WRAPPER_EXTENSION = xctest;
			};
			name = Release;
		};
/* End XCBuildConfiguration section */

/* Begin XCConfigurationList section */
		D8BD42991851EFCE003840CF /* Build configuration list for PBXProject "LWPhotoBrowser" */ = {
			isa = XCConfigurationList;
			buildConfigurations = (
				D8BD42C81851EFCF003840CF /* Debug */,
				D8BD42C91851EFCF003840CF /* Release */,
			);
			defaultConfigurationIsVisible = 0;
			defaultConfigurationName = Release;
		};
		D8BD42CA1851EFCF003840CF /* Build configuration list for PBXNativeTarget "LWPhotoBrowser" */ = {
			isa = XCConfigurationList;
			buildConfigurations = (
				D8BD42CB1851EFCF003840CF /* Debug */,
				D8BD42CC1851EFCF003840CF /* Release */,
			);
			defaultConfigurationIsVisible = 0;
			defaultConfigurationName = Release;
		};
		D8BD42CD1851EFCF003840CF /* Build configuration list for PBXNativeTarget "LWPhotoBrowserTests" */ = {
			isa = XCConfigurationList;
			buildConfigurations = (
				D8BD42CE1851EFCF003840CF /* Debug */,
				D8BD42CF1851EFCF003840CF /* Release */,
			);
			defaultConfigurationIsVisible = 0;
			defaultConfigurationName = Release;
		};
/* End XCConfigurationList section */
	};
	rootObject = D8BD42961851EFCE003840CF /* Project object */;
}
